dependencies:
- name: cert-manager
  repository: https://charts.jetstack.io
  version: v1.6.1
- name: ingress-nginx
  repository: https://kubernetes.github.io/ingress-nginx
  version: 4.0.13
- name: kafka
  repository: https://raw.githubusercontent.com/bitnami/charts/archive-full-index/bitnami
  version: 14.9.3
- name: minio
  repository: https://raw.githubusercontent.com/bitnami/charts/archive-full-index/bitnami
  version: 11.3.5
- name: postgresql
  repository: https://raw.githubusercontent.com/bitnami/charts/pre-2022/bitnami
  version: 8.6.1
- name: redis
  repository: https://raw.githubusercontent.com/bitnami/charts/archive-full-index/bitnami
  version: 16.8.9
- name: zookeeper
  repository: https://raw.githubusercontent.com/bitnami/charts/pre-2022/bitnami
  version: 7.0.5
- name: grafana
  repository: https://grafana.github.io/helm-charts
  version: 6.40.0
- name: loki
  repository: https://grafana.github.io/helm-charts
  version: 3.3.4
- name: promtail
  repository: https://grafana.github.io/helm-charts
  version: 6.6.2
- name: prometheus
  repository: https://prometheus-community.github.io/helm-charts
  version: 15.10.4
- name: prometheus-kafka-exporter
  repository: https://prometheus-community.github.io/helm-charts
  version: 1.8.0
- name: prometheus-postgres-exporter
  repository: https://prometheus-community.github.io/helm-charts
  version: 4.4.1
- name: prometheus-redis-exporter
  repository: https://prometheus-community.github.io/helm-charts
  version: 5.3.2
- name: prometheus-statsd-exporter
  repository: https://prometheus-community.github.io/helm-charts
  version: 0.3.1
digest: sha256:f81f6e43a46855962f0596a0acb0cc8c6f68fa89fbed3d50a8a88902102ae885
generated: "2023-05-02T18:09:00.793411099+06:00"
